# This file is autogenerated, do not edit; changes may be undone by the next 'dep ensure'.


[[projects]]
  name = "github.com/zeebo/errs"
  packages = ["."]
  revision = "8153a6cd4ba0ca3013a037e14ccd7f7f5a7b40ac"
  version = "v0.2.0"

[solve-meta]
  analyzer-name = "dep"
  analyzer-version = 1
  inputs-digest = "c91cdac97de966662d091d1b8fdbeeceac51a31b1d4e4244464bbc4de52e86f3"
  solver-name = "gps-cdcl"
  solver-version = 1
